
Microsoft Visual Studio Solution File, Format Version 12.00
# Visual Studio Version 17
VisualStudioVersion = 17.14.36511.14 d17.14
MinimumVisualStudioVersion = 10.0.40219.1
Project("{FAE04EC0-301F-11D3-BF4B-00C04F79EFBC}") = "CalculatorOnosovaPr2", "CalculatorOnosovaPr2\CalculatorOnosovaPr2.csproj", "{16E9FB27-AFC8-40C9-BCB5-26D4C9358413}"
EndProject
Project("{FAE04EC0-301F-11D3-BF4B-00C04F79EFBC}") = "ClassLibrary1", "ClassLibrary1\ClassLibrary1.csproj", "{6098A6A2-97C0-4D8D-9B1C-48C690062A17}"
EndProject
Project("{FAE04EC0-301F-11D3-BF4B-00C04F79EFBC}") = "CalcTEsts", "CalcTEsts\CalcTEsts.csproj", "{2935915E-A99F-4542-A567-8C5D59C0EB0D}"
EndProject
Global
	GlobalSection(SolutionConfigurationPlatforms) = preSolution
		Debug|Any CPU = Debug|Any CPU
		Release|Any CPU = Release|Any CPU
	EndGlobalSection
	GlobalSection(ProjectConfigurationPlatforms) = postSolution
		{16E9FB27-AFC8-40C9-BCB5-26D4C9358413}.Debug|Any CPU.ActiveCfg = Debug|Any CPU
		{16E9FB27-AFC8-40C9-BCB5-26D4C9358413}.Debug|Any CPU.Build.0 = Debug|Any CPU
		{16E9FB27-AFC8-40C9-BCB5-26D4C9358413}.Release|Any CPU.ActiveCfg = Release|Any CPU
		{16E9FB27-AFC8-40C9-BCB5-26D4C9358413}.Release|Any CPU.Build.0 = Release|Any CPU
		{6098A6A2-97C0-4D8D-9B1C-48C690062A17}.Debug|Any CPU.ActiveCfg = Debug|Any CPU
		{6098A6A2-97C0-4D8D-9B1C-48C690062A17}.Debug|Any CPU.Build.0 = Debug|Any CPU
		{6098A6A2-97C0-4D8D-9B1C-48C690062A17}.Release|Any CPU.ActiveCfg = Release|Any CPU
		{6098A6A2-97C0-4D8D-9B1C-48C690062A17}.Release|Any CPU.Build.0 = Release|Any CPU
		{2935915E-A99F-4542-A567-8C5D59C0EB0D}.Debug|Any CPU.ActiveCfg = Debug|Any CPU
		{2935915E-A99F-4542-A567-8C5D59C0EB0D}.Debug|Any CPU.Build.0 = Debug|Any CPU
		{2935915E-A99F-4542-A567-8C5D59C0EB0D}.Release|Any CPU.ActiveCfg = Release|Any CPU
		{2935915E-A99F-4542-A567-8C5D59C0EB0D}.Release|Any CPU.Build.0 = Release|Any CPU
	EndGlobalSection
	GlobalSection(SolutionProperties) = preSolution
		HideSolutionNode = FALSE
	EndGlobalSection
	GlobalSection(ExtensibilityGlobals) = postSolution
		SolutionGuid = {232CECC5-DE95-41B3-964C-7B8C70375493}
	EndGlobalSection
EndGlobal
